
Microsoft Visual Studio Solution File, Format Version 12.00
# Visual Studio 14
VisualStudioVersion = 14.0.24720.0
MinimumVisualStudioVersion = 10.0.40219.1
Project("{FAE04EC0-301F-11D3-BF4B-00C04F79EFBC}") = "NewtonLL", "NewtonLL\NewtonLL.csproj", "{793417B8-0747-4ED6-9FBC-71C857735AB3}"
EndProject
Project("{FAE04EC0-301F-11D3-BF4B-00C04F79EFBC}") = "BubbleSortLL", "BubbleSortLL\BubbleSortLL.csproj", "{FFF8A1ED-968B-40F1-8716-D8B06C0745C4}"
EndProject
Project("{2150E333-8FDC-42A3-9474-1A3956D46DE8}") = "Tasks", "Tasks", "{C9C98B4F-22B5-4006-84F9-1A189537383B}"
EndProject
Project("{2150E333-8FDC-42A3-9474-1A3956D46DE8}") = "Tests", "Tests", "{999AFCDE-EC72-4D28-B649-5C4D616D0B40}"
EndProject
Project("{FAE04EC0-301F-11D3-BF4B-00C04F79EFBC}") = "BubbleSortLLTests", "BubbleSortLLTests\BubbleSortLLTests.csproj", "{2E5CC515-F73A-4F0B-BB74-9515BD7EB519}"
EndProject
Project("{FAE04EC0-301F-11D3-BF4B-00C04F79EFBC}") = "NewtonLLTests", "NewtonLLTests\NewtonLLTests.csproj", "{E3C5E9D0-A230-4292-8370-6E7F7038ACD5}"
EndProject
Global
	GlobalSection(SolutionConfigurationPlatforms) = preSolution
		Debug|Any CPU = Debug|Any CPU
		Release|Any CPU = Release|Any CPU
	EndGlobalSection
	GlobalSection(ProjectConfigurationPlatforms) = postSolution
		{793417B8-0747-4ED6-9FBC-71C857735AB3}.Debug|Any CPU.ActiveCfg = Debug|Any CPU
		{793417B8-0747-4ED6-9FBC-71C857735AB3}.Debug|Any CPU.Build.0 = Debug|Any CPU
		{793417B8-0747-4ED6-9FBC-71C857735AB3}.Release|Any CPU.ActiveCfg = Release|Any CPU
		{793417B8-0747-4ED6-9FBC-71C857735AB3}.Release|Any CPU.Build.0 = Release|Any CPU
		{FFF8A1ED-968B-40F1-8716-D8B06C0745C4}.Debug|Any CPU.ActiveCfg = Debug|Any CPU
		{FFF8A1ED-968B-40F1-8716-D8B06C0745C4}.Debug|Any CPU.Build.0 = Debug|Any CPU
		{FFF8A1ED-968B-40F1-8716-D8B06C0745C4}.Release|Any CPU.ActiveCfg = Release|Any CPU
		{FFF8A1ED-968B-40F1-8716-D8B06C0745C4}.Release|Any CPU.Build.0 = Release|Any CPU
		{2E5CC515-F73A-4F0B-BB74-9515BD7EB519}.Debug|Any CPU.ActiveCfg = Debug|Any CPU
		{2E5CC515-F73A-4F0B-BB74-9515BD7EB519}.Debug|Any CPU.Build.0 = Debug|Any CPU
		{2E5CC515-F73A-4F0B-BB74-9515BD7EB519}.Release|Any CPU.ActiveCfg = Release|Any CPU
		{2E5CC515-F73A-4F0B-BB74-9515BD7EB519}.Release|Any CPU.Build.0 = Release|Any CPU
		{E3C5E9D0-A230-4292-8370-6E7F7038ACD5}.Debug|Any CPU.ActiveCfg = Debug|Any CPU
		{E3C5E9D0-A230-4292-8370-6E7F7038ACD5}.Debug|Any CPU.Build.0 = Debug|Any CPU
		{E3C5E9D0-A230-4292-8370-6E7F7038ACD5}.Release|Any CPU.ActiveCfg = Release|Any CPU
		{E3C5E9D0-A230-4292-8370-6E7F7038ACD5}.Release|Any CPU.Build.0 = Release|Any CPU
	EndGlobalSection
	GlobalSection(SolutionProperties) = preSolution
		HideSolutionNode = FALSE
	EndGlobalSection
	GlobalSection(NestedProjects) = preSolution
		{793417B8-0747-4ED6-9FBC-71C857735AB3} = {C9C98B4F-22B5-4006-84F9-1A189537383B}
		{FFF8A1ED-968B-40F1-8716-D8B06C0745C4} = {C9C98B4F-22B5-4006-84F9-1A189537383B}
		{2E5CC515-F73A-4F0B-BB74-9515BD7EB519} = {999AFCDE-EC72-4D28-B649-5C4D616D0B40}
		{E3C5E9D0-A230-4292-8370-6E7F7038ACD5} = {999AFCDE-EC72-4D28-B649-5C4D616D0B40}
	EndGlobalSection
EndGlobal
