
Microsoft Visual Studio Solution File, Format Version 12.00
# Visual Studio 14
VisualStudioVersion = 14.0.24720.0
MinimumVisualStudioVersion = 10.0.40219.1
Project("{FAE04EC0-301F-11D3-BF4B-00C04F79EFBC}") = "NewtonLL", "NewtonLL\NewtonLL.csproj", "{793417B8-0747-4ED6-9FBC-71C857735AB3}"
EndProject
Project("{FAE04EC0-301F-11D3-BF4B-00C04F79EFBC}") = "BubbleSortLL", "BubbleSortLL\BubbleSortLL.csproj", "{FFF8A1ED-968B-40F1-8716-D8B06C0745C4}"
EndProject
Project("{FAE04EC0-301F-11D3-BF4B-00C04F79EFBC}") = "TestSortPL", "TestSortPL\TestSortPL.csproj", "{BD58F4D1-6897-4E1F-8B60-CAFF23CA93DA}"
EndProject
Project("{FAE04EC0-301F-11D3-BF4B-00C04F79EFBC}") = "TestNewtonPL", "TestNewtonPL\TestNewtonPL.csproj", "{557E2A94-4380-4359-B023-F5DFBD194977}"
EndProject
Global
	GlobalSection(SolutionConfigurationPlatforms) = preSolution
		Debug|Any CPU = Debug|Any CPU
		Release|Any CPU = Release|Any CPU
	EndGlobalSection
	GlobalSection(ProjectConfigurationPlatforms) = postSolution
		{793417B8-0747-4ED6-9FBC-71C857735AB3}.Debug|Any CPU.ActiveCfg = Debug|Any CPU
		{793417B8-0747-4ED6-9FBC-71C857735AB3}.Debug|Any CPU.Build.0 = Debug|Any CPU
		{793417B8-0747-4ED6-9FBC-71C857735AB3}.Release|Any CPU.ActiveCfg = Release|Any CPU
		{793417B8-0747-4ED6-9FBC-71C857735AB3}.Release|Any CPU.Build.0 = Release|Any CPU
		{FFF8A1ED-968B-40F1-8716-D8B06C0745C4}.Debug|Any CPU.ActiveCfg = Debug|Any CPU
		{FFF8A1ED-968B-40F1-8716-D8B06C0745C4}.Debug|Any CPU.Build.0 = Debug|Any CPU
		{FFF8A1ED-968B-40F1-8716-D8B06C0745C4}.Release|Any CPU.ActiveCfg = Release|Any CPU
		{FFF8A1ED-968B-40F1-8716-D8B06C0745C4}.Release|Any CPU.Build.0 = Release|Any CPU
		{BD58F4D1-6897-4E1F-8B60-CAFF23CA93DA}.Debug|Any CPU.ActiveCfg = Debug|Any CPU
		{BD58F4D1-6897-4E1F-8B60-CAFF23CA93DA}.Debug|Any CPU.Build.0 = Debug|Any CPU
		{BD58F4D1-6897-4E1F-8B60-CAFF23CA93DA}.Release|Any CPU.ActiveCfg = Release|Any CPU
		{BD58F4D1-6897-4E1F-8B60-CAFF23CA93DA}.Release|Any CPU.Build.0 = Release|Any CPU
		{557E2A94-4380-4359-B023-F5DFBD194977}.Debug|Any CPU.ActiveCfg = Debug|Any CPU
		{557E2A94-4380-4359-B023-F5DFBD194977}.Debug|Any CPU.Build.0 = Debug|Any CPU
		{557E2A94-4380-4359-B023-F5DFBD194977}.Release|Any CPU.ActiveCfg = Release|Any CPU
		{557E2A94-4380-4359-B023-F5DFBD194977}.Release|Any CPU.Build.0 = Release|Any CPU
	EndGlobalSection
	GlobalSection(SolutionProperties) = preSolution
		HideSolutionNode = FALSE
	EndGlobalSection
EndGlobal
