
Microsoft Visual Studio Solution File, Format Version 12.00
# Visual Studio 14
VisualStudioVersion = 14.0.24720.0
MinimumVisualStudioVersion = 10.0.40219.1
Project("{FAE04EC0-301F-11D3-BF4B-00C04F79EFBC}") = "IntegerSort", "IntegerSort\IntegerSort.csproj", "{B06FCDD1-9434-4CC4-9103-C351385F6DF6}"
EndProject
Project("{FAE04EC0-301F-11D3-BF4B-00C04F79EFBC}") = "TestPL", "TestPL\TestPL.csproj", "{D9C723A0-BC90-4270-9449-065EBE16E6A2}"
EndProject
Project("{FAE04EC0-301F-11D3-BF4B-00C04F79EFBC}") = "CycleQueue", "CycleQueue\CycleQueue.csproj", "{939755AD-7E7C-42A4-81FB-AE5C2F28ADA2}"
EndProject
Project("{2150E333-8FDC-42A3-9474-1A3956D46DE8}") = "Tasks", "Tasks", "{6F33ACC4-513C-4B5D-8832-047E15ECE3B4}"
EndProject
Project("{2150E333-8FDC-42A3-9474-1A3956D46DE8}") = "Tests", "Tests", "{326623C2-384B-46FE-A3E5-D96A923F2893}"
EndProject
Project("{FAE04EC0-301F-11D3-BF4B-00C04F79EFBC}") = "CycleQueueTests", "CycleQueueTests\CycleQueueTests.csproj", "{549ECA4E-D740-459C-894F-0E45B1B72035}"
EndProject
Project("{FAE04EC0-301F-11D3-BF4B-00C04F79EFBC}") = "IntegerSortTests", "IntegerSortTests\IntegerSortTests.csproj", "{24CDC2E8-421B-498E-9E67-81331A1606AC}"
EndProject
Project("{FAE04EC0-301F-11D3-BF4B-00C04F79EFBC}") = "CycleQueue.NUnitTests", "CycleQueue.NUnitTests\CycleQueue.NUnitTests.csproj", "{1B5FD077-1087-40B8-A9C1-393FEA2A70F5}"
EndProject
Project("{FAE04EC0-301F-11D3-BF4B-00C04F79EFBC}") = "IntegerSort.NUnitTests", "IntegerSort.NUnitTests\IntegerSort.NUnitTests.csproj", "{B78595C5-A228-464B-98B1-45A61E70967D}"
EndProject
Global
	GlobalSection(SolutionConfigurationPlatforms) = preSolution
		Debug|Any CPU = Debug|Any CPU
		Release|Any CPU = Release|Any CPU
	EndGlobalSection
	GlobalSection(ProjectConfigurationPlatforms) = postSolution
		{B06FCDD1-9434-4CC4-9103-C351385F6DF6}.Debug|Any CPU.ActiveCfg = Debug|Any CPU
		{B06FCDD1-9434-4CC4-9103-C351385F6DF6}.Debug|Any CPU.Build.0 = Debug|Any CPU
		{B06FCDD1-9434-4CC4-9103-C351385F6DF6}.Release|Any CPU.ActiveCfg = Release|Any CPU
		{B06FCDD1-9434-4CC4-9103-C351385F6DF6}.Release|Any CPU.Build.0 = Release|Any CPU
		{D9C723A0-BC90-4270-9449-065EBE16E6A2}.Debug|Any CPU.ActiveCfg = Debug|Any CPU
		{D9C723A0-BC90-4270-9449-065EBE16E6A2}.Debug|Any CPU.Build.0 = Debug|Any CPU
		{D9C723A0-BC90-4270-9449-065EBE16E6A2}.Release|Any CPU.ActiveCfg = Release|Any CPU
		{D9C723A0-BC90-4270-9449-065EBE16E6A2}.Release|Any CPU.Build.0 = Release|Any CPU
		{939755AD-7E7C-42A4-81FB-AE5C2F28ADA2}.Debug|Any CPU.ActiveCfg = Debug|Any CPU
		{939755AD-7E7C-42A4-81FB-AE5C2F28ADA2}.Debug|Any CPU.Build.0 = Debug|Any CPU
		{939755AD-7E7C-42A4-81FB-AE5C2F28ADA2}.Release|Any CPU.ActiveCfg = Release|Any CPU
		{939755AD-7E7C-42A4-81FB-AE5C2F28ADA2}.Release|Any CPU.Build.0 = Release|Any CPU
		{549ECA4E-D740-459C-894F-0E45B1B72035}.Debug|Any CPU.ActiveCfg = Debug|Any CPU
		{549ECA4E-D740-459C-894F-0E45B1B72035}.Debug|Any CPU.Build.0 = Debug|Any CPU
		{549ECA4E-D740-459C-894F-0E45B1B72035}.Release|Any CPU.ActiveCfg = Release|Any CPU
		{549ECA4E-D740-459C-894F-0E45B1B72035}.Release|Any CPU.Build.0 = Release|Any CPU
		{24CDC2E8-421B-498E-9E67-81331A1606AC}.Debug|Any CPU.ActiveCfg = Debug|Any CPU
		{24CDC2E8-421B-498E-9E67-81331A1606AC}.Debug|Any CPU.Build.0 = Debug|Any CPU
		{24CDC2E8-421B-498E-9E67-81331A1606AC}.Release|Any CPU.ActiveCfg = Release|Any CPU
		{24CDC2E8-421B-498E-9E67-81331A1606AC}.Release|Any CPU.Build.0 = Release|Any CPU
		{1B5FD077-1087-40B8-A9C1-393FEA2A70F5}.Debug|Any CPU.ActiveCfg = Debug|Any CPU
		{1B5FD077-1087-40B8-A9C1-393FEA2A70F5}.Debug|Any CPU.Build.0 = Debug|Any CPU
		{1B5FD077-1087-40B8-A9C1-393FEA2A70F5}.Release|Any CPU.ActiveCfg = Release|Any CPU
		{1B5FD077-1087-40B8-A9C1-393FEA2A70F5}.Release|Any CPU.Build.0 = Release|Any CPU
		{B78595C5-A228-464B-98B1-45A61E70967D}.Debug|Any CPU.ActiveCfg = Debug|Any CPU
		{B78595C5-A228-464B-98B1-45A61E70967D}.Debug|Any CPU.Build.0 = Debug|Any CPU
		{B78595C5-A228-464B-98B1-45A61E70967D}.Release|Any CPU.ActiveCfg = Release|Any CPU
		{B78595C5-A228-464B-98B1-45A61E70967D}.Release|Any CPU.Build.0 = Release|Any CPU
	EndGlobalSection
	GlobalSection(SolutionProperties) = preSolution
		HideSolutionNode = FALSE
	EndGlobalSection
	GlobalSection(NestedProjects) = preSolution
		{B06FCDD1-9434-4CC4-9103-C351385F6DF6} = {6F33ACC4-513C-4B5D-8832-047E15ECE3B4}
		{939755AD-7E7C-42A4-81FB-AE5C2F28ADA2} = {6F33ACC4-513C-4B5D-8832-047E15ECE3B4}
		{549ECA4E-D740-459C-894F-0E45B1B72035} = {326623C2-384B-46FE-A3E5-D96A923F2893}
		{24CDC2E8-421B-498E-9E67-81331A1606AC} = {326623C2-384B-46FE-A3E5-D96A923F2893}
		{1B5FD077-1087-40B8-A9C1-393FEA2A70F5} = {326623C2-384B-46FE-A3E5-D96A923F2893}
		{B78595C5-A228-464B-98B1-45A61E70967D} = {326623C2-384B-46FE-A3E5-D96A923F2893}
	EndGlobalSection
EndGlobal
