
Microsoft Visual Studio Solution File, Format Version 12.00
# Visual Studio 14
VisualStudioVersion = 14.0.24720.0
MinimumVisualStudioVersion = 10.0.40219.1
Project("{FAE04EC0-301F-11D3-BF4B-00C04F79EFBC}") = "IntegerFormat", "IntegerFormat\IntegerFormat.csproj", "{1D260B2D-214E-4959-ADD7-B37CE59D3FE9}"
EndProject
Project("{FAE04EC0-301F-11D3-BF4B-00C04F79EFBC}") = "CustomerLL", "CustomerLL\CustomerLL.csproj", "{95F89306-54A7-4352-BBEC-90B747B2F22C}"
EndProject
Project("{FAE04EC0-301F-11D3-BF4B-00C04F79EFBC}") = "TestPL", "TestPL\TestPL.csproj", "{6BB6FAE3-07FF-4BCD-960F-C74A1612F617}"
EndProject
Global
	GlobalSection(SolutionConfigurationPlatforms) = preSolution
		Debug|Any CPU = Debug|Any CPU
		Release|Any CPU = Release|Any CPU
	EndGlobalSection
	GlobalSection(ProjectConfigurationPlatforms) = postSolution
		{1D260B2D-214E-4959-ADD7-B37CE59D3FE9}.Debug|Any CPU.ActiveCfg = Debug|Any CPU
		{1D260B2D-214E-4959-ADD7-B37CE59D3FE9}.Debug|Any CPU.Build.0 = Debug|Any CPU
		{1D260B2D-214E-4959-ADD7-B37CE59D3FE9}.Release|Any CPU.ActiveCfg = Release|Any CPU
		{1D260B2D-214E-4959-ADD7-B37CE59D3FE9}.Release|Any CPU.Build.0 = Release|Any CPU
		{95F89306-54A7-4352-BBEC-90B747B2F22C}.Debug|Any CPU.ActiveCfg = Debug|Any CPU
		{95F89306-54A7-4352-BBEC-90B747B2F22C}.Debug|Any CPU.Build.0 = Debug|Any CPU
		{95F89306-54A7-4352-BBEC-90B747B2F22C}.Release|Any CPU.ActiveCfg = Release|Any CPU
		{95F89306-54A7-4352-BBEC-90B747B2F22C}.Release|Any CPU.Build.0 = Release|Any CPU
		{6BB6FAE3-07FF-4BCD-960F-C74A1612F617}.Debug|Any CPU.ActiveCfg = Debug|Any CPU
		{6BB6FAE3-07FF-4BCD-960F-C74A1612F617}.Debug|Any CPU.Build.0 = Debug|Any CPU
		{6BB6FAE3-07FF-4BCD-960F-C74A1612F617}.Release|Any CPU.ActiveCfg = Release|Any CPU
		{6BB6FAE3-07FF-4BCD-960F-C74A1612F617}.Release|Any CPU.Build.0 = Release|Any CPU
	EndGlobalSection
	GlobalSection(SolutionProperties) = preSolution
		HideSolutionNode = FALSE
	EndGlobalSection
EndGlobal
